{
  "name": "src",
  "version": "1.0.0",
  "lockfileVersion": 1,
  "requires": true,
  "dependencies": {
    "cypress-file-upload": {
      "version": "5.0.8",
      "resolved": "https://registry.npmjs.org/cypress-file-upload/-/cypress-file-upload-5.0.8.tgz",
      "integrity": "sha512-+8VzNabRk3zG6x8f8BWArF/xA/W0VK4IZNx3MV0jFWrJS/qKn8eHfa5nU73P9fOQAgwHFJx7zjg4lwOnljMO8g==",
      "dev": true
    }
  }
}
